
Microsoft Visual Studio Solution File, Format Version 12.00
# Visual Studio Version 17
VisualStudioVersion = 17.11.35312.102
MinimumVisualStudioVersion = 10.0.40219.1
Project("{9A19103F-16F7-4668-BE54-9A1E7A4F7556}") = "ExamSystem.API", "ExamSystem.API.csproj", "{DCD215CF-226A-429C-9FD2-8777FA91DFCF}"
EndProject
Global
	GlobalSection(SolutionConfigurationPlatforms) = preSolution
		Debug|Any CPU = Debug|Any CPU
		Release|Any CPU = Release|Any CPU
	EndGlobalSection
	GlobalSection(ProjectConfigurationPlatforms) = postSolution
		{DCD215CF-226A-429C-9FD2-8777FA91DFCF}.Debug|Any CPU.ActiveCfg = Debug|Any CPU
		{DCD215CF-226A-429C-9FD2-8777FA91DFCF}.Debug|Any CPU.Build.0 = Debug|Any CPU
		{DCD215CF-226A-429C-9FD2-8777FA91DFCF}.Release|Any CPU.ActiveCfg = Release|Any CPU
		{DCD215CF-226A-429C-9FD2-8777FA91DFCF}.Release|Any CPU.Build.0 = Release|Any CPU
	EndGlobalSection
	GlobalSection(SolutionProperties) = preSolution
		HideSolutionNode = FALSE
	EndGlobalSection
	GlobalSection(ExtensibilityGlobals) = postSolution
		SolutionGuid = {24566C0A-80C4-4475-85DC-6C7B039DBFD9}
	EndGlobalSection
EndGlobal
